
Microsoft Visual Studio Solution File, Format Version 12.00
# Visual Studio 15
VisualStudioVersion = 15.0.27130.2036
MinimumVisualStudioVersion = 10.0.40219.1
Project("{FAE04EC0-301F-11D3-BF4B-00C04F79EFBC}") = "naychlab4", "naychlab4\naychlab4.csproj", "{87A606ED-4822-4CB4-BE88-D14A3EB5643F}"
EndProject
Global
	GlobalSection(SolutionConfigurationPlatforms) = preSolution
		Debug|Any CPU = Debug|Any CPU
		Release|Any CPU = Release|Any CPU
	EndGlobalSection
	GlobalSection(ProjectConfigurationPlatforms) = postSolution
		{87A606ED-4822-4CB4-BE88-D14A3EB5643F}.Debug|Any CPU.ActiveCfg = Debug|Any CPU
		{87A606ED-4822-4CB4-BE88-D14A3EB5643F}.Debug|Any CPU.Build.0 = Debug|Any CPU
		{87A606ED-4822-4CB4-BE88-D14A3EB5643F}.Release|Any CPU.ActiveCfg = Release|Any CPU
		{87A606ED-4822-4CB4-BE88-D14A3EB5643F}.Release|Any CPU.Build.0 = Release|Any CPU
	EndGlobalSection
	GlobalSection(SolutionProperties) = preSolution
		HideSolutionNode = FALSE
	EndGlobalSection
	GlobalSection(ExtensibilityGlobals) = postSolution
		SolutionGuid = {DABF5585-7B1F-4424-8BD5-B60E9BE7ED51}
	EndGlobalSection
EndGlobal
